
Microsoft Visual Studio Solution File, Format Version 12.00
# Visual Studio Version 17
VisualStudioVersion = 17.14.36109.1 d17.14
MinimumVisualStudioVersion = 10.0.40219.1
Project("{FAE04EC0-301F-11D3-BF4B-00C04F79EFBC}") = "Continue", "Continue.csproj", "{52B736BC-B1FC-46E4-9B2B-37BF1A383F8F}"
EndProject
Global
	GlobalSection(SolutionConfigurationPlatforms) = preSolution
		Debug|Any CPU = Debug|Any CPU
		Release|Any CPU = Release|Any CPU
	EndGlobalSection
	GlobalSection(ProjectConfigurationPlatforms) = postSolution
		{52B736BC-B1FC-46E4-9B2B-37BF1A383F8F}.Debug|Any CPU.ActiveCfg = Debug|Any CPU
		{52B736BC-B1FC-46E4-9B2B-37BF1A383F8F}.Debug|Any CPU.Build.0 = Debug|Any CPU
		{52B736BC-B1FC-46E4-9B2B-37BF1A383F8F}.Release|Any CPU.ActiveCfg = Release|Any CPU
		{52B736BC-B1FC-46E4-9B2B-37BF1A383F8F}.Release|Any CPU.Build.0 = Release|Any CPU
	EndGlobalSection
	GlobalSection(SolutionProperties) = preSolution
		HideSolutionNode = FALSE
	EndGlobalSection
	GlobalSection(ExtensibilityGlobals) = postSolution
		SolutionGuid = {FB58AA47-F4EF-4E96-A174-DCF24DB74E2C}
	EndGlobalSection
EndGlobal
