
Microsoft Visual Studio Solution File, Format Version 12.00
# Visual Studio Version 17
VisualStudioVersion = 17.14.36109.1 d17.14
MinimumVisualStudioVersion = 10.0.40219.1
Project("{FAE04EC0-301F-11D3-BF4B-00C04F79EFBC}") = "InterruptingThread", "InterruptingThread.csproj", "{03B1C376-5572-4B34-964A-DA885B2F33DB}"
EndProject
Global
	GlobalSection(SolutionConfigurationPlatforms) = preSolution
		Debug|Any CPU = Debug|Any CPU
		Release|Any CPU = Release|Any CPU
	EndGlobalSection
	GlobalSection(ProjectConfigurationPlatforms) = postSolution
		{03B1C376-5572-4B34-964A-DA885B2F33DB}.Debug|Any CPU.ActiveCfg = Debug|Any CPU
		{03B1C376-5572-4B34-964A-DA885B2F33DB}.Debug|Any CPU.Build.0 = Debug|Any CPU
		{03B1C376-5572-4B34-964A-DA885B2F33DB}.Release|Any CPU.ActiveCfg = Release|Any CPU
		{03B1C376-5572-4B34-964A-DA885B2F33DB}.Release|Any CPU.Build.0 = Release|Any CPU
	EndGlobalSection
	GlobalSection(SolutionProperties) = preSolution
		HideSolutionNode = FALSE
	EndGlobalSection
	GlobalSection(ExtensibilityGlobals) = postSolution
		SolutionGuid = {7AB53E12-703B-44AF-A47E-2F716BDC3561}
	EndGlobalSection
EndGlobal
