
Microsoft Visual Studio Solution File, Format Version 12.00
# Visual Studio Version 17
VisualStudioVersion = 17.14.36119.2 d17.14
MinimumVisualStudioVersion = 10.0.40219.1
Project("{FAE04EC0-301F-11D3-BF4B-00C04F79EFBC}") = "PropertiesInAbstractClass", "PropertiesInAbstractClass\PropertiesInAbstractClass.csproj", "{167F6899-0510-4CDC-BA26-2EA66B69335E}"
EndProject
Global
	GlobalSection(SolutionConfigurationPlatforms) = preSolution
		Debug|Any CPU = Debug|Any CPU
		Release|Any CPU = Release|Any CPU
	EndGlobalSection
	GlobalSection(ProjectConfigurationPlatforms) = postSolution
		{167F6899-0510-4CDC-BA26-2EA66B69335E}.Debug|Any CPU.ActiveCfg = Debug|Any CPU
		{167F6899-0510-4CDC-BA26-2EA66B69335E}.Debug|Any CPU.Build.0 = Debug|Any CPU
		{167F6899-0510-4CDC-BA26-2EA66B69335E}.Release|Any CPU.ActiveCfg = Release|Any CPU
		{167F6899-0510-4CDC-BA26-2EA66B69335E}.Release|Any CPU.Build.0 = Release|Any CPU
	EndGlobalSection
	GlobalSection(SolutionProperties) = preSolution
		HideSolutionNode = FALSE
	EndGlobalSection
	GlobalSection(ExtensibilityGlobals) = postSolution
		SolutionGuid = {85E6BC72-953C-443F-8A2F-AA4E5AD80C3E}
	EndGlobalSection
EndGlobal
