
Microsoft Visual Studio Solution File, Format Version 12.00
# Visual Studio Version 17
VisualStudioVersion = 17.14.36109.1 d17.14
MinimumVisualStudioVersion = 10.0.40219.1
Project("{FAE04EC0-301F-11D3-BF4B-00C04F79EFBC}") = "Object", "Object.csproj", "{9DD9804F-C3A4-48BD-A5D7-91D7B303BB05}"
EndProject
Global
	GlobalSection(SolutionConfigurationPlatforms) = preSolution
		Debug|Any CPU = Debug|Any CPU
		Release|Any CPU = Release|Any CPU
	EndGlobalSection
	GlobalSection(ProjectConfigurationPlatforms) = postSolution
		{9DD9804F-C3A4-48BD-A5D7-91D7B303BB05}.Debug|Any CPU.ActiveCfg = Debug|Any CPU
		{9DD9804F-C3A4-48BD-A5D7-91D7B303BB05}.Debug|Any CPU.Build.0 = Debug|Any CPU
		{9DD9804F-C3A4-48BD-A5D7-91D7B303BB05}.Release|Any CPU.ActiveCfg = Release|Any CPU
		{9DD9804F-C3A4-48BD-A5D7-91D7B303BB05}.Release|Any CPU.Build.0 = Release|Any CPU
	EndGlobalSection
	GlobalSection(SolutionProperties) = preSolution
		HideSolutionNode = FALSE
	EndGlobalSection
	GlobalSection(ExtensibilityGlobals) = postSolution
		SolutionGuid = {2B709C32-9D6B-4340-A340-E85ED21E9CB6}
	EndGlobalSection
EndGlobal
