
Microsoft Visual Studio Solution File, Format Version 12.00
# Visual Studio Version 17
VisualStudioVersion = 17.14.36119.2 d17.14
MinimumVisualStudioVersion = 10.0.40219.1
Project("{FAE04EC0-301F-11D3-BF4B-00C04F79EFBC}") = "Structure", "Structure\Structure.csproj", "{6E3FA5B3-A872-4453-AAD0-FB1DEE055BDC}"
EndProject
Global
	GlobalSection(SolutionConfigurationPlatforms) = preSolution
		Debug|Any CPU = Debug|Any CPU
		Release|Any CPU = Release|Any CPU
	EndGlobalSection
	GlobalSection(ProjectConfigurationPlatforms) = postSolution
		{6E3FA5B3-A872-4453-AAD0-FB1DEE055BDC}.Debug|Any CPU.ActiveCfg = Debug|Any CPU
		{6E3FA5B3-A872-4453-AAD0-FB1DEE055BDC}.Debug|Any CPU.Build.0 = Debug|Any CPU
		{6E3FA5B3-A872-4453-AAD0-FB1DEE055BDC}.Release|Any CPU.ActiveCfg = Release|Any CPU
		{6E3FA5B3-A872-4453-AAD0-FB1DEE055BDC}.Release|Any CPU.Build.0 = Release|Any CPU
	EndGlobalSection
	GlobalSection(SolutionProperties) = preSolution
		HideSolutionNode = FALSE
	EndGlobalSection
	GlobalSection(ExtensibilityGlobals) = postSolution
		SolutionGuid = {B36DF247-67B2-4D07-B1B6-6D239E7D9353}
	EndGlobalSection
EndGlobal
