
Microsoft Visual Studio Solution File, Format Version 12.00
# Visual Studio Version 17
VisualStudioVersion = 17.14.36109.1 d17.14
MinimumVisualStudioVersion = 10.0.40219.1
Project("{FAE04EC0-301F-11D3-BF4B-00C04F79EFBC}") = "NullConditionalOperator", "NullConditionalOperator.csproj", "{580BC70C-1E44-448F-85CC-14C27AF59BDC}"
EndProject
Global
	GlobalSection(SolutionConfigurationPlatforms) = preSolution
		Debug|Any CPU = Debug|Any CPU
		Release|Any CPU = Release|Any CPU
	EndGlobalSection
	GlobalSection(ProjectConfigurationPlatforms) = postSolution
		{580BC70C-1E44-448F-85CC-14C27AF59BDC}.Debug|Any CPU.ActiveCfg = Debug|Any CPU
		{580BC70C-1E44-448F-85CC-14C27AF59BDC}.Debug|Any CPU.Build.0 = Debug|Any CPU
		{580BC70C-1E44-448F-85CC-14C27AF59BDC}.Release|Any CPU.ActiveCfg = Release|Any CPU
		{580BC70C-1E44-448F-85CC-14C27AF59BDC}.Release|Any CPU.Build.0 = Release|Any CPU
	EndGlobalSection
	GlobalSection(SolutionProperties) = preSolution
		HideSolutionNode = FALSE
	EndGlobalSection
	GlobalSection(ExtensibilityGlobals) = postSolution
		SolutionGuid = {F79968EC-95B7-4A4B-BA42-43E22B26BEA5}
	EndGlobalSection
EndGlobal
