
Microsoft Visual Studio Solution File, Format Version 12.00
# Visual Studio Version 17
VisualStudioVersion = 17.14.36109.1 d17.14
MinimumVisualStudioVersion = 10.0.40219.1
Project("{FAE04EC0-301F-11D3-BF4B-00C04F79EFBC}") = "While", "While.csproj", "{8AC3CAF8-EA06-4323-8FE9-68D73FB63712}"
EndProject
Global
	GlobalSection(SolutionConfigurationPlatforms) = preSolution
		Debug|Any CPU = Debug|Any CPU
		Release|Any CPU = Release|Any CPU
	EndGlobalSection
	GlobalSection(ProjectConfigurationPlatforms) = postSolution
		{8AC3CAF8-EA06-4323-8FE9-68D73FB63712}.Debug|Any CPU.ActiveCfg = Debug|Any CPU
		{8AC3CAF8-EA06-4323-8FE9-68D73FB63712}.Debug|Any CPU.Build.0 = Debug|Any CPU
		{8AC3CAF8-EA06-4323-8FE9-68D73FB63712}.Release|Any CPU.ActiveCfg = Release|Any CPU
		{8AC3CAF8-EA06-4323-8FE9-68D73FB63712}.Release|Any CPU.Build.0 = Release|Any CPU
	EndGlobalSection
	GlobalSection(SolutionProperties) = preSolution
		HideSolutionNode = FALSE
	EndGlobalSection
	GlobalSection(ExtensibilityGlobals) = postSolution
		SolutionGuid = {CD8D0A51-F2F5-437E-99AD-8B41E6022E29}
	EndGlobalSection
EndGlobal
