
Microsoft Visual Studio Solution File, Format Version 12.00
# Visual Studio Version 17
VisualStudioVersion = 17.14.36109.1 d17.14
MinimumVisualStudioVersion = 10.0.40219.1
Project("{FAE04EC0-301F-11D3-BF4B-00C04F79EFBC}") = "StringSlice", "StringSlice.csproj", "{7D5DB7A2-EAD7-4FEF-A71C-D577F6CCB303}"
EndProject
Global
	GlobalSection(SolutionConfigurationPlatforms) = preSolution
		Debug|Any CPU = Debug|Any CPU
		Release|Any CPU = Release|Any CPU
	EndGlobalSection
	GlobalSection(ProjectConfigurationPlatforms) = postSolution
		{7D5DB7A2-EAD7-4FEF-A71C-D577F6CCB303}.Debug|Any CPU.ActiveCfg = Debug|Any CPU
		{7D5DB7A2-EAD7-4FEF-A71C-D577F6CCB303}.Debug|Any CPU.Build.0 = Debug|Any CPU
		{7D5DB7A2-EAD7-4FEF-A71C-D577F6CCB303}.Release|Any CPU.ActiveCfg = Release|Any CPU
		{7D5DB7A2-EAD7-4FEF-A71C-D577F6CCB303}.Release|Any CPU.Build.0 = Release|Any CPU
	EndGlobalSection
	GlobalSection(SolutionProperties) = preSolution
		HideSolutionNode = FALSE
	EndGlobalSection
	GlobalSection(ExtensibilityGlobals) = postSolution
		SolutionGuid = {96FB7804-5052-4640-81A6-E9E7FFE294C0}
	EndGlobalSection
EndGlobal
