
Microsoft Visual Studio Solution File, Format Version 12.00
# Visual Studio Version 17
VisualStudioVersion = 17.14.36109.1 d17.14
MinimumVisualStudioVersion = 10.0.40219.1
Project("{FAE04EC0-301F-11D3-BF4B-00C04F79EFBC}") = "FormStyle", "FormStyle.csproj", "{8E395870-7ADE-46DA-B9F6-54D2C00FF614}"
EndProject
Global
	GlobalSection(SolutionConfigurationPlatforms) = preSolution
		Debug|Any CPU = Debug|Any CPU
		Release|Any CPU = Release|Any CPU
	EndGlobalSection
	GlobalSection(ProjectConfigurationPlatforms) = postSolution
		{8E395870-7ADE-46DA-B9F6-54D2C00FF614}.Debug|Any CPU.ActiveCfg = Debug|Any CPU
		{8E395870-7ADE-46DA-B9F6-54D2C00FF614}.Debug|Any CPU.Build.0 = Debug|Any CPU
		{8E395870-7ADE-46DA-B9F6-54D2C00FF614}.Release|Any CPU.ActiveCfg = Release|Any CPU
		{8E395870-7ADE-46DA-B9F6-54D2C00FF614}.Release|Any CPU.Build.0 = Release|Any CPU
	EndGlobalSection
	GlobalSection(SolutionProperties) = preSolution
		HideSolutionNode = FALSE
	EndGlobalSection
	GlobalSection(ExtensibilityGlobals) = postSolution
		SolutionGuid = {711DA7E9-863A-4BB2-A985-29BA2D9550FB}
	EndGlobalSection
EndGlobal
