
Microsoft Visual Studio Solution File, Format Version 12.00
# Visual Studio Version 17
VisualStudioVersion = 17.14.36109.1 d17.14
MinimumVisualStudioVersion = 10.0.40219.1
Project("{FAE04EC0-301F-11D3-BF4B-00C04F79EFBC}") = "UsingGenericList", "UsingGenericList.csproj", "{BB5209B7-A810-40BD-AA95-C5484C2635DA}"
EndProject
Global
	GlobalSection(SolutionConfigurationPlatforms) = preSolution
		Debug|Any CPU = Debug|Any CPU
		Release|Any CPU = Release|Any CPU
	EndGlobalSection
	GlobalSection(ProjectConfigurationPlatforms) = postSolution
		{BB5209B7-A810-40BD-AA95-C5484C2635DA}.Debug|Any CPU.ActiveCfg = Debug|Any CPU
		{BB5209B7-A810-40BD-AA95-C5484C2635DA}.Debug|Any CPU.Build.0 = Debug|Any CPU
		{BB5209B7-A810-40BD-AA95-C5484C2635DA}.Release|Any CPU.ActiveCfg = Release|Any CPU
		{BB5209B7-A810-40BD-AA95-C5484C2635DA}.Release|Any CPU.Build.0 = Release|Any CPU
	EndGlobalSection
	GlobalSection(SolutionProperties) = preSolution
		HideSolutionNode = FALSE
	EndGlobalSection
	GlobalSection(ExtensibilityGlobals) = postSolution
		SolutionGuid = {F03A6D41-7D14-4DD8-9C77-81ECD972C0C9}
	EndGlobalSection
EndGlobal
