
Microsoft Visual Studio Solution File, Format Version 12.00
# Visual Studio Version 17
VisualStudioVersion = 17.14.36109.1 d17.14
MinimumVisualStudioVersion = 10.0.40219.1
Project("{FAE04EC0-301F-11D3-BF4B-00C04F79EFBC}") = "Goto", "Goto.csproj", "{296B6368-94AA-4D46-BE7D-35E14FBC4F75}"
EndProject
Global
	GlobalSection(SolutionConfigurationPlatforms) = preSolution
		Debug|Any CPU = Debug|Any CPU
		Release|Any CPU = Release|Any CPU
	EndGlobalSection
	GlobalSection(ProjectConfigurationPlatforms) = postSolution
		{296B6368-94AA-4D46-BE7D-35E14FBC4F75}.Debug|Any CPU.ActiveCfg = Debug|Any CPU
		{296B6368-94AA-4D46-BE7D-35E14FBC4F75}.Debug|Any CPU.Build.0 = Debug|Any CPU
		{296B6368-94AA-4D46-BE7D-35E14FBC4F75}.Release|Any CPU.ActiveCfg = Release|Any CPU
		{296B6368-94AA-4D46-BE7D-35E14FBC4F75}.Release|Any CPU.Build.0 = Release|Any CPU
	EndGlobalSection
	GlobalSection(SolutionProperties) = preSolution
		HideSolutionNode = FALSE
	EndGlobalSection
	GlobalSection(ExtensibilityGlobals) = postSolution
		SolutionGuid = {9612F520-EC70-4BE8-A355-B4191A56B618}
	EndGlobalSection
EndGlobal
