
Microsoft Visual Studio Solution File, Format Version 12.00
# Visual Studio Version 17
VisualStudioVersion = 17.14.36109.1 d17.14
MinimumVisualStudioVersion = 10.0.40219.1
Project("{FAE04EC0-301F-11D3-BF4B-00C04F79EFBC}") = "3DArray", "3DArray.csproj", "{148B041C-40E1-476A-9857-7592A5E2CD6D}"
EndProject
Global
	GlobalSection(SolutionConfigurationPlatforms) = preSolution
		Debug|Any CPU = Debug|Any CPU
		Release|Any CPU = Release|Any CPU
	EndGlobalSection
	GlobalSection(ProjectConfigurationPlatforms) = postSolution
		{148B041C-40E1-476A-9857-7592A5E2CD6D}.Debug|Any CPU.ActiveCfg = Debug|Any CPU
		{148B041C-40E1-476A-9857-7592A5E2CD6D}.Debug|Any CPU.Build.0 = Debug|Any CPU
		{148B041C-40E1-476A-9857-7592A5E2CD6D}.Release|Any CPU.ActiveCfg = Release|Any CPU
		{148B041C-40E1-476A-9857-7592A5E2CD6D}.Release|Any CPU.Build.0 = Release|Any CPU
	EndGlobalSection
	GlobalSection(SolutionProperties) = preSolution
		HideSolutionNode = FALSE
	EndGlobalSection
	GlobalSection(ExtensibilityGlobals) = postSolution
		SolutionGuid = {56A026CE-B7AC-4DB8-A2A7-E27A6A648064}
	EndGlobalSection
EndGlobal
