
Microsoft Visual Studio Solution File, Format Version 12.00
# Visual Studio Version 17
VisualStudioVersion = 17.14.36109.1 d17.14
MinimumVisualStudioVersion = 10.0.40219.1
Project("{FAE04EC0-301F-11D3-BF4B-00C04F79EFBC}") = "JaggedArray", "JaggedArray.csproj", "{73E7C396-AD64-418C-8042-88EBEDFAD402}"
EndProject
Global
	GlobalSection(SolutionConfigurationPlatforms) = preSolution
		Debug|Any CPU = Debug|Any CPU
		Release|Any CPU = Release|Any CPU
	EndGlobalSection
	GlobalSection(ProjectConfigurationPlatforms) = postSolution
		{73E7C396-AD64-418C-8042-88EBEDFAD402}.Debug|Any CPU.ActiveCfg = Debug|Any CPU
		{73E7C396-AD64-418C-8042-88EBEDFAD402}.Debug|Any CPU.Build.0 = Debug|Any CPU
		{73E7C396-AD64-418C-8042-88EBEDFAD402}.Release|Any CPU.ActiveCfg = Release|Any CPU
		{73E7C396-AD64-418C-8042-88EBEDFAD402}.Release|Any CPU.Build.0 = Release|Any CPU
	EndGlobalSection
	GlobalSection(SolutionProperties) = preSolution
		HideSolutionNode = FALSE
	EndGlobalSection
	GlobalSection(ExtensibilityGlobals) = postSolution
		SolutionGuid = {F3FAF40C-0D6A-4EE1-BCE4-9E571E98DEBF}
	EndGlobalSection
EndGlobal
