
Microsoft Visual Studio Solution File, Format Version 12.00
# Visual Studio Version 17
VisualStudioVersion = 17.14.36109.1 d17.14
MinimumVisualStudioVersion = 10.0.40219.1
Project("{FAE04EC0-301F-11D3-BF4B-00C04F79EFBC}") = "SimpleWindow", "SimpleWindow.csproj", "{B905CBE7-8FEE-432C-8ACB-60D08E038227}"
EndProject
Global
	GlobalSection(SolutionConfigurationPlatforms) = preSolution
		Debug|Any CPU = Debug|Any CPU
		Release|Any CPU = Release|Any CPU
	EndGlobalSection
	GlobalSection(ProjectConfigurationPlatforms) = postSolution
		{B905CBE7-8FEE-432C-8ACB-60D08E038227}.Debug|Any CPU.ActiveCfg = Debug|Any CPU
		{B905CBE7-8FEE-432C-8ACB-60D08E038227}.Debug|Any CPU.Build.0 = Debug|Any CPU
		{B905CBE7-8FEE-432C-8ACB-60D08E038227}.Release|Any CPU.ActiveCfg = Release|Any CPU
		{B905CBE7-8FEE-432C-8ACB-60D08E038227}.Release|Any CPU.Build.0 = Release|Any CPU
	EndGlobalSection
	GlobalSection(SolutionProperties) = preSolution
		HideSolutionNode = FALSE
	EndGlobalSection
	GlobalSection(ExtensibilityGlobals) = postSolution
		SolutionGuid = {90115A74-F5B5-402C-881A-FA75BD1D6288}
	EndGlobalSection
EndGlobal
