
Microsoft Visual Studio Solution File, Format Version 12.00
# Visual Studio Version 17
VisualStudioVersion = 17.14.36109.1 d17.14
MinimumVisualStudioVersion = 10.0.40219.1
Project("{FAE04EC0-301F-11D3-BF4B-00C04F79EFBC}") = "ParallelLoop", "ParallelLoop.csproj", "{0E9C2E71-E15D-4F6E-B518-4FFA43353755}"
EndProject
Global
	GlobalSection(SolutionConfigurationPlatforms) = preSolution
		Debug|Any CPU = Debug|Any CPU
		Release|Any CPU = Release|Any CPU
	EndGlobalSection
	GlobalSection(ProjectConfigurationPlatforms) = postSolution
		{0E9C2E71-E15D-4F6E-B518-4FFA43353755}.Debug|Any CPU.ActiveCfg = Debug|Any CPU
		{0E9C2E71-E15D-4F6E-B518-4FFA43353755}.Debug|Any CPU.Build.0 = Debug|Any CPU
		{0E9C2E71-E15D-4F6E-B518-4FFA43353755}.Release|Any CPU.ActiveCfg = Release|Any CPU
		{0E9C2E71-E15D-4F6E-B518-4FFA43353755}.Release|Any CPU.Build.0 = Release|Any CPU
	EndGlobalSection
	GlobalSection(SolutionProperties) = preSolution
		HideSolutionNode = FALSE
	EndGlobalSection
	GlobalSection(ExtensibilityGlobals) = postSolution
		SolutionGuid = {1F963CC0-2F87-41B2-82CE-706D942D2EAF}
	EndGlobalSection
EndGlobal
