
Microsoft Visual Studio Solution File, Format Version 12.00
# Visual Studio Version 17
VisualStudioVersion = 17.14.36109.1 d17.14
MinimumVisualStudioVersion = 10.0.40219.1
Project("{FAE04EC0-301F-11D3-BF4B-00C04F79EFBC}") = "StringFormatDatetime", "StringFormatDatetime.csproj", "{9CF2E233-8B45-49E2-AABE-B007127F330A}"
EndProject
Global
	GlobalSection(SolutionConfigurationPlatforms) = preSolution
		Debug|Any CPU = Debug|Any CPU
		Release|Any CPU = Release|Any CPU
	EndGlobalSection
	GlobalSection(ProjectConfigurationPlatforms) = postSolution
		{9CF2E233-8B45-49E2-AABE-B007127F330A}.Debug|Any CPU.ActiveCfg = Debug|Any CPU
		{9CF2E233-8B45-49E2-AABE-B007127F330A}.Debug|Any CPU.Build.0 = Debug|Any CPU
		{9CF2E233-8B45-49E2-AABE-B007127F330A}.Release|Any CPU.ActiveCfg = Release|Any CPU
		{9CF2E233-8B45-49E2-AABE-B007127F330A}.Release|Any CPU.Build.0 = Release|Any CPU
	EndGlobalSection
	GlobalSection(SolutionProperties) = preSolution
		HideSolutionNode = FALSE
	EndGlobalSection
	GlobalSection(ExtensibilityGlobals) = postSolution
		SolutionGuid = {B06B8EA6-BF61-4F18-AA5F-8F21E9A50E84}
	EndGlobalSection
EndGlobal
