
Microsoft Visual Studio Solution File, Format Version 12.00
# Visual Studio Version 17
VisualStudioVersion = 17.14.36109.1 d17.14
MinimumVisualStudioVersion = 10.0.40219.1
Project("{FAE04EC0-301F-11D3-BF4B-00C04F79EFBC}") = "Join", "Join.csproj", "{B136B5CB-B788-46FF-8884-3918BDCA54FD}"
EndProject
Global
	GlobalSection(SolutionConfigurationPlatforms) = preSolution
		Debug|Any CPU = Debug|Any CPU
		Release|Any CPU = Release|Any CPU
	EndGlobalSection
	GlobalSection(ProjectConfigurationPlatforms) = postSolution
		{B136B5CB-B788-46FF-8884-3918BDCA54FD}.Debug|Any CPU.ActiveCfg = Debug|Any CPU
		{B136B5CB-B788-46FF-8884-3918BDCA54FD}.Debug|Any CPU.Build.0 = Debug|Any CPU
		{B136B5CB-B788-46FF-8884-3918BDCA54FD}.Release|Any CPU.ActiveCfg = Release|Any CPU
		{B136B5CB-B788-46FF-8884-3918BDCA54FD}.Release|Any CPU.Build.0 = Release|Any CPU
	EndGlobalSection
	GlobalSection(SolutionProperties) = preSolution
		HideSolutionNode = FALSE
	EndGlobalSection
	GlobalSection(ExtensibilityGlobals) = postSolution
		SolutionGuid = {40115D6F-DF38-4D9A-BE94-F2053117D4B4}
	EndGlobalSection
EndGlobal
