
Microsoft Visual Studio Solution File, Format Version 12.00
# Visual Studio Version 17
VisualStudioVersion = 17.14.36109.1 d17.14
MinimumVisualStudioVersion = 10.0.40219.1
Project("{FAE04EC0-301F-11D3-BF4B-00C04F79EFBC}") = "Enumerable", "Enumerable.csproj", "{11A11CB5-60B9-4262-B47B-30B9B9E6D58A}"
EndProject
Global
	GlobalSection(SolutionConfigurationPlatforms) = preSolution
		Debug|Any CPU = Debug|Any CPU
		Release|Any CPU = Release|Any CPU
	EndGlobalSection
	GlobalSection(ProjectConfigurationPlatforms) = postSolution
		{11A11CB5-60B9-4262-B47B-30B9B9E6D58A}.Debug|Any CPU.ActiveCfg = Debug|Any CPU
		{11A11CB5-60B9-4262-B47B-30B9B9E6D58A}.Debug|Any CPU.Build.0 = Debug|Any CPU
		{11A11CB5-60B9-4262-B47B-30B9B9E6D58A}.Release|Any CPU.ActiveCfg = Release|Any CPU
		{11A11CB5-60B9-4262-B47B-30B9B9E6D58A}.Release|Any CPU.Build.0 = Release|Any CPU
	EndGlobalSection
	GlobalSection(SolutionProperties) = preSolution
		HideSolutionNode = FALSE
	EndGlobalSection
	GlobalSection(ExtensibilityGlobals) = postSolution
		SolutionGuid = {CB1EFAA3-A0BA-46B9-93A5-EB46FD5562EF}
	EndGlobalSection
EndGlobal
