
Microsoft Visual Studio Solution File, Format Version 12.00
# Visual Studio Version 17
VisualStudioVersion = 17.14.36109.1 d17.14
MinimumVisualStudioVersion = 10.0.40219.1
Project("{FAE04EC0-301F-11D3-BF4B-00C04F79EFBC}") = "DeepCopy", "DeepCopy.csproj", "{5964B838-6405-4C9D-A016-5A36A2C8C4EC}"
EndProject
Global
	GlobalSection(SolutionConfigurationPlatforms) = preSolution
		Debug|Any CPU = Debug|Any CPU
		Release|Any CPU = Release|Any CPU
	EndGlobalSection
	GlobalSection(ProjectConfigurationPlatforms) = postSolution
		{5964B838-6405-4C9D-A016-5A36A2C8C4EC}.Debug|Any CPU.ActiveCfg = Debug|Any CPU
		{5964B838-6405-4C9D-A016-5A36A2C8C4EC}.Debug|Any CPU.Build.0 = Debug|Any CPU
		{5964B838-6405-4C9D-A016-5A36A2C8C4EC}.Release|Any CPU.ActiveCfg = Release|Any CPU
		{5964B838-6405-4C9D-A016-5A36A2C8C4EC}.Release|Any CPU.Build.0 = Release|Any CPU
	EndGlobalSection
	GlobalSection(SolutionProperties) = preSolution
		HideSolutionNode = FALSE
	EndGlobalSection
	GlobalSection(ExtensibilityGlobals) = postSolution
		SolutionGuid = {3E7A1357-A1CD-4208-A011-A9997171FE27}
	EndGlobalSection
EndGlobal
