
Microsoft Visual Studio Solution File, Format Version 12.00
# Visual Studio Version 17
VisualStudioVersion = 17.14.36109.1 d17.14
MinimumVisualStudioVersion = 10.0.40219.1
Project("{FAE04EC0-301F-11D3-BF4B-00C04F79EFBC}") = "StatementLambda", "StatementLambda.csproj", "{1A946CAD-6565-49C3-A23A-76C8A6BF1FDA}"
EndProject
Global
	GlobalSection(SolutionConfigurationPlatforms) = preSolution
		Debug|Any CPU = Debug|Any CPU
		Release|Any CPU = Release|Any CPU
	EndGlobalSection
	GlobalSection(ProjectConfigurationPlatforms) = postSolution
		{1A946CAD-6565-49C3-A23A-76C8A6BF1FDA}.Debug|Any CPU.ActiveCfg = Debug|Any CPU
		{1A946CAD-6565-49C3-A23A-76C8A6BF1FDA}.Debug|Any CPU.Build.0 = Debug|Any CPU
		{1A946CAD-6565-49C3-A23A-76C8A6BF1FDA}.Release|Any CPU.ActiveCfg = Release|Any CPU
		{1A946CAD-6565-49C3-A23A-76C8A6BF1FDA}.Release|Any CPU.Build.0 = Release|Any CPU
	EndGlobalSection
	GlobalSection(SolutionProperties) = preSolution
		HideSolutionNode = FALSE
	EndGlobalSection
	GlobalSection(ExtensibilityGlobals) = postSolution
		SolutionGuid = {F202B23E-841C-4035-A585-E8B6FA187BC8}
	EndGlobalSection
EndGlobal
