
Microsoft Visual Studio Solution File, Format Version 12.00
# Visual Studio Version 17
VisualStudioVersion = 17.14.36109.1 d17.14
MinimumVisualStudioVersion = 10.0.40219.1
Project("{FAE04EC0-301F-11D3-BF4B-00C04F79EFBC}") = "EventTest", "EventTest.csproj", "{ECE215DC-57AB-40F1-BBEA-EA466FA34C9C}"
EndProject
Global
	GlobalSection(SolutionConfigurationPlatforms) = preSolution
		Debug|Any CPU = Debug|Any CPU
		Release|Any CPU = Release|Any CPU
	EndGlobalSection
	GlobalSection(ProjectConfigurationPlatforms) = postSolution
		{ECE215DC-57AB-40F1-BBEA-EA466FA34C9C}.Debug|Any CPU.ActiveCfg = Debug|Any CPU
		{ECE215DC-57AB-40F1-BBEA-EA466FA34C9C}.Debug|Any CPU.Build.0 = Debug|Any CPU
		{ECE215DC-57AB-40F1-BBEA-EA466FA34C9C}.Release|Any CPU.ActiveCfg = Release|Any CPU
		{ECE215DC-57AB-40F1-BBEA-EA466FA34C9C}.Release|Any CPU.Build.0 = Release|Any CPU
	EndGlobalSection
	GlobalSection(SolutionProperties) = preSolution
		HideSolutionNode = FALSE
	EndGlobalSection
	GlobalSection(ExtensibilityGlobals) = postSolution
		SolutionGuid = {53D861D1-81C6-44A2-8CCD-5B9D4B7820D4}
	EndGlobalSection
EndGlobal
