
Microsoft Visual Studio Solution File, Format Version 12.00
# Visual Studio Version 17
VisualStudioVersion = 17.14.36109.1 d17.14
MinimumVisualStudioVersion = 10.0.40219.1
Project("{FAE04EC0-301F-11D3-BF4B-00C04F79EFBC}") = "AnonymousMethod", "AnonymousMethod.csproj", "{A6FE39AA-D666-406A-A07B-3B0B60A7F45A}"
EndProject
Global
	GlobalSection(SolutionConfigurationPlatforms) = preSolution
		Debug|Any CPU = Debug|Any CPU
		Release|Any CPU = Release|Any CPU
	EndGlobalSection
	GlobalSection(ProjectConfigurationPlatforms) = postSolution
		{A6FE39AA-D666-406A-A07B-3B0B60A7F45A}.Debug|Any CPU.ActiveCfg = Debug|Any CPU
		{A6FE39AA-D666-406A-A07B-3B0B60A7F45A}.Debug|Any CPU.Build.0 = Debug|Any CPU
		{A6FE39AA-D666-406A-A07B-3B0B60A7F45A}.Release|Any CPU.ActiveCfg = Release|Any CPU
		{A6FE39AA-D666-406A-A07B-3B0B60A7F45A}.Release|Any CPU.Build.0 = Release|Any CPU
	EndGlobalSection
	GlobalSection(SolutionProperties) = preSolution
		HideSolutionNode = FALSE
	EndGlobalSection
	GlobalSection(ExtensibilityGlobals) = postSolution
		SolutionGuid = {EBBCDA5B-3F07-426A-93EA-6C298A9BF4DC}
	EndGlobalSection
EndGlobal
