
Microsoft Visual Studio Solution File, Format Version 12.00
# Visual Studio Version 17
VisualStudioVersion = 17.14.36109.1 d17.14
MinimumVisualStudioVersion = 10.0.40219.1
Project("{FAE04EC0-301F-11D3-BF4B-00C04F79EFBC}") = "TypeCasting", "TypeCasting.csproj", "{9D12248E-7F95-4CE1-9C1A-EED613C5CD41}"
EndProject
Global
	GlobalSection(SolutionConfigurationPlatforms) = preSolution
		Debug|Any CPU = Debug|Any CPU
		Release|Any CPU = Release|Any CPU
	EndGlobalSection
	GlobalSection(ProjectConfigurationPlatforms) = postSolution
		{9D12248E-7F95-4CE1-9C1A-EED613C5CD41}.Debug|Any CPU.ActiveCfg = Debug|Any CPU
		{9D12248E-7F95-4CE1-9C1A-EED613C5CD41}.Debug|Any CPU.Build.0 = Debug|Any CPU
		{9D12248E-7F95-4CE1-9C1A-EED613C5CD41}.Release|Any CPU.ActiveCfg = Release|Any CPU
		{9D12248E-7F95-4CE1-9C1A-EED613C5CD41}.Release|Any CPU.Build.0 = Release|Any CPU
	EndGlobalSection
	GlobalSection(SolutionProperties) = preSolution
		HideSolutionNode = FALSE
	EndGlobalSection
	GlobalSection(ExtensibilityGlobals) = postSolution
		SolutionGuid = {3A58D843-90BD-43C8-BA2B-4B3B479E5A50}
	EndGlobalSection
EndGlobal
