
Microsoft Visual Studio Solution File, Format Version 12.00
# Visual Studio Version 17
VisualStudioVersion = 17.14.36109.1 d17.14
MinimumVisualStudioVersion = 10.0.40219.1
Project("{FAE04EC0-301F-11D3-BF4B-00C04F79EFBC}") = "Return", "Return.csproj", "{F88C2CC6-8294-45AD-8BCF-3FA9DA45F7EE}"
EndProject
Global
	GlobalSection(SolutionConfigurationPlatforms) = preSolution
		Debug|Any CPU = Debug|Any CPU
		Release|Any CPU = Release|Any CPU
	EndGlobalSection
	GlobalSection(ProjectConfigurationPlatforms) = postSolution
		{F88C2CC6-8294-45AD-8BCF-3FA9DA45F7EE}.Debug|Any CPU.ActiveCfg = Debug|Any CPU
		{F88C2CC6-8294-45AD-8BCF-3FA9DA45F7EE}.Debug|Any CPU.Build.0 = Debug|Any CPU
		{F88C2CC6-8294-45AD-8BCF-3FA9DA45F7EE}.Release|Any CPU.ActiveCfg = Release|Any CPU
		{F88C2CC6-8294-45AD-8BCF-3FA9DA45F7EE}.Release|Any CPU.Build.0 = Release|Any CPU
	EndGlobalSection
	GlobalSection(SolutionProperties) = preSolution
		HideSolutionNode = FALSE
	EndGlobalSection
	GlobalSection(ExtensibilityGlobals) = postSolution
		SolutionGuid = {11DFBB8F-A608-4090-8961-6A796692E111}
	EndGlobalSection
EndGlobal
