
Microsoft Visual Studio Solution File, Format Version 12.00
# Visual Studio Version 17
VisualStudioVersion = 17.14.36109.1 d17.14
MinimumVisualStudioVersion = 10.0.40219.1
Project("{FAE04EC0-301F-11D3-BF4B-00C04F79EFBC}") = "UsingHashtable", "UsingHashtable.csproj", "{D1C008D4-5677-4EB9-9EAD-61B9ADEC124A}"
EndProject
Global
	GlobalSection(SolutionConfigurationPlatforms) = preSolution
		Debug|Any CPU = Debug|Any CPU
		Release|Any CPU = Release|Any CPU
	EndGlobalSection
	GlobalSection(ProjectConfigurationPlatforms) = postSolution
		{D1C008D4-5677-4EB9-9EAD-61B9ADEC124A}.Debug|Any CPU.ActiveCfg = Debug|Any CPU
		{D1C008D4-5677-4EB9-9EAD-61B9ADEC124A}.Debug|Any CPU.Build.0 = Debug|Any CPU
		{D1C008D4-5677-4EB9-9EAD-61B9ADEC124A}.Release|Any CPU.ActiveCfg = Release|Any CPU
		{D1C008D4-5677-4EB9-9EAD-61B9ADEC124A}.Release|Any CPU.Build.0 = Release|Any CPU
	EndGlobalSection
	GlobalSection(SolutionProperties) = preSolution
		HideSolutionNode = FALSE
	EndGlobalSection
	GlobalSection(ExtensibilityGlobals) = postSolution
		SolutionGuid = {06CA1410-C681-468C-9A63-FC91323C156C}
	EndGlobalSection
EndGlobal
