
Microsoft Visual Studio Solution File, Format Version 12.00
# Visual Studio Version 17
VisualStudioVersion = 17.14.36109.1 d17.14
MinimumVisualStudioVersion = 10.0.40219.1
Project("{FAE04EC0-301F-11D3-BF4B-00C04F79EFBC}") = "GenericDelegate", "GenericDelegate.csproj", "{1987B450-1DC4-466F-8F0D-16704A08A1A1}"
EndProject
Global
	GlobalSection(SolutionConfigurationPlatforms) = preSolution
		Debug|Any CPU = Debug|Any CPU
		Release|Any CPU = Release|Any CPU
	EndGlobalSection
	GlobalSection(ProjectConfigurationPlatforms) = postSolution
		{1987B450-1DC4-466F-8F0D-16704A08A1A1}.Debug|Any CPU.ActiveCfg = Debug|Any CPU
		{1987B450-1DC4-466F-8F0D-16704A08A1A1}.Debug|Any CPU.Build.0 = Debug|Any CPU
		{1987B450-1DC4-466F-8F0D-16704A08A1A1}.Release|Any CPU.ActiveCfg = Release|Any CPU
		{1987B450-1DC4-466F-8F0D-16704A08A1A1}.Release|Any CPU.Build.0 = Release|Any CPU
	EndGlobalSection
	GlobalSection(SolutionProperties) = preSolution
		HideSolutionNode = FALSE
	EndGlobalSection
	GlobalSection(ExtensibilityGlobals) = postSolution
		SolutionGuid = {0CDF4A44-EF5A-47DD-99C8-0C96881BD6ED}
	EndGlobalSection
EndGlobal
