
Microsoft Visual Studio Solution File, Format Version 12.00
# Visual Studio Version 17
VisualStudioVersion = 17.14.36109.1 d17.14
MinimumVisualStudioVersion = 10.0.40219.1
Project("{FAE04EC0-301F-11D3-BF4B-00C04F79EFBC}") = "ThisConstructor", "ThisConstructor.csproj", "{2D81B63E-58F8-4D0A-AD9E-0CBB685C34DC}"
EndProject
Global
	GlobalSection(SolutionConfigurationPlatforms) = preSolution
		Debug|Any CPU = Debug|Any CPU
		Release|Any CPU = Release|Any CPU
	EndGlobalSection
	GlobalSection(ProjectConfigurationPlatforms) = postSolution
		{2D81B63E-58F8-4D0A-AD9E-0CBB685C34DC}.Debug|Any CPU.ActiveCfg = Debug|Any CPU
		{2D81B63E-58F8-4D0A-AD9E-0CBB685C34DC}.Debug|Any CPU.Build.0 = Debug|Any CPU
		{2D81B63E-58F8-4D0A-AD9E-0CBB685C34DC}.Release|Any CPU.ActiveCfg = Release|Any CPU
		{2D81B63E-58F8-4D0A-AD9E-0CBB685C34DC}.Release|Any CPU.Build.0 = Release|Any CPU
	EndGlobalSection
	GlobalSection(SolutionProperties) = preSolution
		HideSolutionNode = FALSE
	EndGlobalSection
	GlobalSection(ExtensibilityGlobals) = postSolution
		SolutionGuid = {EE483649-AF2B-4DC2-9BFC-B1F08EA19D39}
	EndGlobalSection
EndGlobal
