
Microsoft Visual Studio Solution File, Format Version 12.00
# Visual Studio Version 17
VisualStudioVersion = 17.14.36109.1 d17.14
MinimumVisualStudioVersion = 10.0.40219.1
Project("{FAE04EC0-301F-11D3-BF4B-00C04F79EFBC}") = "From", "From.csproj", "{095F65CA-8254-4860-A1E0-1362C9541930}"
EndProject
Global
	GlobalSection(SolutionConfigurationPlatforms) = preSolution
		Debug|Any CPU = Debug|Any CPU
		Release|Any CPU = Release|Any CPU
	EndGlobalSection
	GlobalSection(ProjectConfigurationPlatforms) = postSolution
		{095F65CA-8254-4860-A1E0-1362C9541930}.Debug|Any CPU.ActiveCfg = Debug|Any CPU
		{095F65CA-8254-4860-A1E0-1362C9541930}.Debug|Any CPU.Build.0 = Debug|Any CPU
		{095F65CA-8254-4860-A1E0-1362C9541930}.Release|Any CPU.ActiveCfg = Release|Any CPU
		{095F65CA-8254-4860-A1E0-1362C9541930}.Release|Any CPU.Build.0 = Release|Any CPU
	EndGlobalSection
	GlobalSection(SolutionProperties) = preSolution
		HideSolutionNode = FALSE
	EndGlobalSection
	GlobalSection(ExtensibilityGlobals) = postSolution
		SolutionGuid = {5B3591AE-FF1D-4C52-989A-B0BCD96BFCE0}
	EndGlobalSection
EndGlobal
