
Microsoft Visual Studio Solution File, Format Version 12.00
# Visual Studio Version 17
VisualStudioVersion = 17.14.36109.1 d17.14
MinimumVisualStudioVersion = 10.0.40219.1
Project("{FAE04EC0-301F-11D3-BF4B-00C04F79EFBC}") = "OptionalPrarmeter", "OptionalPrarmeter.csproj", "{6302F1AF-6ADB-4CD4-A23B-38E0431FEF01}"
EndProject
Global
	GlobalSection(SolutionConfigurationPlatforms) = preSolution
		Debug|Any CPU = Debug|Any CPU
		Release|Any CPU = Release|Any CPU
	EndGlobalSection
	GlobalSection(ProjectConfigurationPlatforms) = postSolution
		{6302F1AF-6ADB-4CD4-A23B-38E0431FEF01}.Debug|Any CPU.ActiveCfg = Debug|Any CPU
		{6302F1AF-6ADB-4CD4-A23B-38E0431FEF01}.Debug|Any CPU.Build.0 = Debug|Any CPU
		{6302F1AF-6ADB-4CD4-A23B-38E0431FEF01}.Release|Any CPU.ActiveCfg = Release|Any CPU
		{6302F1AF-6ADB-4CD4-A23B-38E0431FEF01}.Release|Any CPU.Build.0 = Release|Any CPU
	EndGlobalSection
	GlobalSection(SolutionProperties) = preSolution
		HideSolutionNode = FALSE
	EndGlobalSection
	GlobalSection(ExtensibilityGlobals) = postSolution
		SolutionGuid = {B1C589C3-0F37-4A29-A9E1-A125015D0141}
	EndGlobalSection
EndGlobal
