
Microsoft Visual Studio Solution File, Format Version 12.00
# Visual Studio Version 17
VisualStudioVersion = 17.14.36109.1 d17.14
MinimumVisualStudioVersion = 10.0.40219.1
Project("{FAE04EC0-301F-11D3-BF4B-00C04F79EFBC}") = "EmitTest", "EmitTest.csproj", "{B69A21EE-900C-4F91-9F26-33E1277B35E4}"
EndProject
Global
	GlobalSection(SolutionConfigurationPlatforms) = preSolution
		Debug|Any CPU = Debug|Any CPU
		Release|Any CPU = Release|Any CPU
	EndGlobalSection
	GlobalSection(ProjectConfigurationPlatforms) = postSolution
		{B69A21EE-900C-4F91-9F26-33E1277B35E4}.Debug|Any CPU.ActiveCfg = Debug|Any CPU
		{B69A21EE-900C-4F91-9F26-33E1277B35E4}.Debug|Any CPU.Build.0 = Debug|Any CPU
		{B69A21EE-900C-4F91-9F26-33E1277B35E4}.Release|Any CPU.ActiveCfg = Release|Any CPU
		{B69A21EE-900C-4F91-9F26-33E1277B35E4}.Release|Any CPU.Build.0 = Release|Any CPU
	EndGlobalSection
	GlobalSection(SolutionProperties) = preSolution
		HideSolutionNode = FALSE
	EndGlobalSection
	GlobalSection(ExtensibilityGlobals) = postSolution
		SolutionGuid = {381BA53E-3E3F-4252-B6DA-F410899812F6}
	EndGlobalSection
EndGlobal
