
Microsoft Visual Studio Solution File, Format Version 12.00
# Visual Studio Version 17
VisualStudioVersion = 17.14.36109.1 d17.14
MinimumVisualStudioVersion = 10.0.40219.1
Project("{FAE04EC0-301F-11D3-BF4B-00C04F79EFBC}") = "UsingCallback", "UsingCallback.csproj", "{36A85FAD-5B32-4511-A408-09C5976D4761}"
EndProject
Global
	GlobalSection(SolutionConfigurationPlatforms) = preSolution
		Debug|Any CPU = Debug|Any CPU
		Release|Any CPU = Release|Any CPU
	EndGlobalSection
	GlobalSection(ProjectConfigurationPlatforms) = postSolution
		{36A85FAD-5B32-4511-A408-09C5976D4761}.Debug|Any CPU.ActiveCfg = Debug|Any CPU
		{36A85FAD-5B32-4511-A408-09C5976D4761}.Debug|Any CPU.Build.0 = Debug|Any CPU
		{36A85FAD-5B32-4511-A408-09C5976D4761}.Release|Any CPU.ActiveCfg = Release|Any CPU
		{36A85FAD-5B32-4511-A408-09C5976D4761}.Release|Any CPU.Build.0 = Release|Any CPU
	EndGlobalSection
	GlobalSection(SolutionProperties) = preSolution
		HideSolutionNode = FALSE
	EndGlobalSection
	GlobalSection(ExtensibilityGlobals) = postSolution
		SolutionGuid = {F4281AA4-464C-4199-8886-1F6CCD0D5409}
	EndGlobalSection
EndGlobal
