
Microsoft Visual Studio Solution File, Format Version 12.00
# Visual Studio Version 17
VisualStudioVersion = 17.14.36109.1 d17.14
MinimumVisualStudioVersion = 10.0.40219.1
Project("{FAE04EC0-301F-11D3-BF4B-00C04F79EFBC}") = "InitalizingCollections", "InitalizingCollections.csproj", "{848AF82D-31B1-4AD1-AE24-5A82488E02D5}"
EndProject
Global
	GlobalSection(SolutionConfigurationPlatforms) = preSolution
		Debug|Any CPU = Debug|Any CPU
		Release|Any CPU = Release|Any CPU
	EndGlobalSection
	GlobalSection(ProjectConfigurationPlatforms) = postSolution
		{848AF82D-31B1-4AD1-AE24-5A82488E02D5}.Debug|Any CPU.ActiveCfg = Debug|Any CPU
		{848AF82D-31B1-4AD1-AE24-5A82488E02D5}.Debug|Any CPU.Build.0 = Debug|Any CPU
		{848AF82D-31B1-4AD1-AE24-5A82488E02D5}.Release|Any CPU.ActiveCfg = Release|Any CPU
		{848AF82D-31B1-4AD1-AE24-5A82488E02D5}.Release|Any CPU.Build.0 = Release|Any CPU
	EndGlobalSection
	GlobalSection(SolutionProperties) = preSolution
		HideSolutionNode = FALSE
	EndGlobalSection
	GlobalSection(ExtensibilityGlobals) = postSolution
		SolutionGuid = {74EBE75F-2B05-48DD-A091-C4FFD3D9D6B6}
	EndGlobalSection
EndGlobal
