
Microsoft Visual Studio Solution File, Format Version 12.00
# Visual Studio Version 17
VisualStudioVersion = 17.14.36109.1 d17.14
MinimumVisualStudioVersion = 10.0.40219.1
Project("{FAE04EC0-301F-11D3-BF4B-00C04F79EFBC}") = "LocalFunction", "LocalFunction.csproj", "{B7985C65-4615-483B-8A91-F3745ED571CD}"
EndProject
Global
	GlobalSection(SolutionConfigurationPlatforms) = preSolution
		Debug|Any CPU = Debug|Any CPU
		Release|Any CPU = Release|Any CPU
	EndGlobalSection
	GlobalSection(ProjectConfigurationPlatforms) = postSolution
		{B7985C65-4615-483B-8A91-F3745ED571CD}.Debug|Any CPU.ActiveCfg = Debug|Any CPU
		{B7985C65-4615-483B-8A91-F3745ED571CD}.Debug|Any CPU.Build.0 = Debug|Any CPU
		{B7985C65-4615-483B-8A91-F3745ED571CD}.Release|Any CPU.ActiveCfg = Release|Any CPU
		{B7985C65-4615-483B-8A91-F3745ED571CD}.Release|Any CPU.Build.0 = Release|Any CPU
	EndGlobalSection
	GlobalSection(SolutionProperties) = preSolution
		HideSolutionNode = FALSE
	EndGlobalSection
	GlobalSection(ExtensibilityGlobals) = postSolution
		SolutionGuid = {7E8BE1B3-F9C1-409C-BC5F-C68F7FDFE149}
	EndGlobalSection
EndGlobal
