
Microsoft Visual Studio Solution File, Format Version 12.00
# Visual Studio Version 17
VisualStudioVersion = 17.14.36109.1 d17.14
MinimumVisualStudioVersion = 10.0.40219.1
Project("{FAE04EC0-301F-11D3-BF4B-00C04F79EFBC}") = "SwitchExp", "SwitchExp.csproj", "{6540C9A3-054E-4656-AD83-4EE1302A763B}"
EndProject
Global
	GlobalSection(SolutionConfigurationPlatforms) = preSolution
		Debug|Any CPU = Debug|Any CPU
		Release|Any CPU = Release|Any CPU
	EndGlobalSection
	GlobalSection(ProjectConfigurationPlatforms) = postSolution
		{6540C9A3-054E-4656-AD83-4EE1302A763B}.Debug|Any CPU.ActiveCfg = Debug|Any CPU
		{6540C9A3-054E-4656-AD83-4EE1302A763B}.Debug|Any CPU.Build.0 = Debug|Any CPU
		{6540C9A3-054E-4656-AD83-4EE1302A763B}.Release|Any CPU.ActiveCfg = Release|Any CPU
		{6540C9A3-054E-4656-AD83-4EE1302A763B}.Release|Any CPU.Build.0 = Release|Any CPU
	EndGlobalSection
	GlobalSection(SolutionProperties) = preSolution
		HideSolutionNode = FALSE
	EndGlobalSection
	GlobalSection(ExtensibilityGlobals) = postSolution
		SolutionGuid = {5F489B32-3EA7-4C3B-B5EC-8D2A97050E55}
	EndGlobalSection
EndGlobal
