
Microsoft Visual Studio Solution File, Format Version 12.00
# Visual Studio Version 17
VisualStudioVersion = 17.14.36109.1 d17.14
MinimumVisualStudioVersion = 10.0.40219.1
Project("{FAE04EC0-301F-11D3-BF4B-00C04F79EFBC}") = "IncDexOperator", "IncDexOperator.csproj", "{B5E5A348-1A5E-43B1-BA9C-99F2AA14792A}"
EndProject
Global
	GlobalSection(SolutionConfigurationPlatforms) = preSolution
		Debug|Any CPU = Debug|Any CPU
		Release|Any CPU = Release|Any CPU
	EndGlobalSection
	GlobalSection(ProjectConfigurationPlatforms) = postSolution
		{B5E5A348-1A5E-43B1-BA9C-99F2AA14792A}.Debug|Any CPU.ActiveCfg = Debug|Any CPU
		{B5E5A348-1A5E-43B1-BA9C-99F2AA14792A}.Debug|Any CPU.Build.0 = Debug|Any CPU
		{B5E5A348-1A5E-43B1-BA9C-99F2AA14792A}.Release|Any CPU.ActiveCfg = Release|Any CPU
		{B5E5A348-1A5E-43B1-BA9C-99F2AA14792A}.Release|Any CPU.Build.0 = Release|Any CPU
	EndGlobalSection
	GlobalSection(SolutionProperties) = preSolution
		HideSolutionNode = FALSE
	EndGlobalSection
	GlobalSection(ExtensibilityGlobals) = postSolution
		SolutionGuid = {43C9CD3B-7501-4378-A5DE-0AF3398F3FC4}
	EndGlobalSection
EndGlobal
