
Microsoft Visual Studio Solution File, Format Version 12.00
# Visual Studio Version 17
VisualStudioVersion = 17.14.36109.1 d17.14
MinimumVisualStudioVersion = 10.0.40219.1
Project("{FAE04EC0-301F-11D3-BF4B-00C04F79EFBC}") = "Char", "Char.csproj", "{12C23CD0-CAF3-499C-852F-C8C3D8186C62}"
EndProject
Global
	GlobalSection(SolutionConfigurationPlatforms) = preSolution
		Debug|Any CPU = Debug|Any CPU
		Release|Any CPU = Release|Any CPU
	EndGlobalSection
	GlobalSection(ProjectConfigurationPlatforms) = postSolution
		{12C23CD0-CAF3-499C-852F-C8C3D8186C62}.Debug|Any CPU.ActiveCfg = Debug|Any CPU
		{12C23CD0-CAF3-499C-852F-C8C3D8186C62}.Debug|Any CPU.Build.0 = Debug|Any CPU
		{12C23CD0-CAF3-499C-852F-C8C3D8186C62}.Release|Any CPU.ActiveCfg = Release|Any CPU
		{12C23CD0-CAF3-499C-852F-C8C3D8186C62}.Release|Any CPU.Build.0 = Release|Any CPU
	EndGlobalSection
	GlobalSection(SolutionProperties) = preSolution
		HideSolutionNode = FALSE
	EndGlobalSection
	GlobalSection(ExtensibilityGlobals) = postSolution
		SolutionGuid = {996A6925-5354-46D5-B30C-E0F7D0DD29B0}
	EndGlobalSection
EndGlobal
