
Microsoft Visual Studio Solution File, Format Version 12.00
# Visual Studio Version 17
VisualStudioVersion = 17.14.36109.1 d17.14
MinimumVisualStudioVersion = 10.0.40219.1
Project("{FAE04EC0-301F-11D3-BF4B-00C04F79EFBC}") = "BitwiseOperator", "BitwiseOperator.csproj", "{8A1CDCF9-5422-4FB2-9D27-915991851649}"
EndProject
Global
	GlobalSection(SolutionConfigurationPlatforms) = preSolution
		Debug|Any CPU = Debug|Any CPU
		Release|Any CPU = Release|Any CPU
	EndGlobalSection
	GlobalSection(ProjectConfigurationPlatforms) = postSolution
		{8A1CDCF9-5422-4FB2-9D27-915991851649}.Debug|Any CPU.ActiveCfg = Debug|Any CPU
		{8A1CDCF9-5422-4FB2-9D27-915991851649}.Debug|Any CPU.Build.0 = Debug|Any CPU
		{8A1CDCF9-5422-4FB2-9D27-915991851649}.Release|Any CPU.ActiveCfg = Release|Any CPU
		{8A1CDCF9-5422-4FB2-9D27-915991851649}.Release|Any CPU.Build.0 = Release|Any CPU
	EndGlobalSection
	GlobalSection(SolutionProperties) = preSolution
		HideSolutionNode = FALSE
	EndGlobalSection
	GlobalSection(ExtensibilityGlobals) = postSolution
		SolutionGuid = {9DB7982E-2E73-4A1C-A758-83F44D55920B}
	EndGlobalSection
EndGlobal
