
Microsoft Visual Studio Solution File, Format Version 12.00
# Visual Studio Version 17
VisualStudioVersion = 17.14.36109.1 d17.14
MinimumVisualStudioVersion = 10.0.40219.1
Project("{FAE04EC0-301F-11D3-BF4B-00C04F79EFBC}") = "SimpleLambda", "SimpleLambda.csproj", "{23622841-E956-4AF4-B59E-CB5106BFDE66}"
EndProject
Global
	GlobalSection(SolutionConfigurationPlatforms) = preSolution
		Debug|Any CPU = Debug|Any CPU
		Release|Any CPU = Release|Any CPU
	EndGlobalSection
	GlobalSection(ProjectConfigurationPlatforms) = postSolution
		{23622841-E956-4AF4-B59E-CB5106BFDE66}.Debug|Any CPU.ActiveCfg = Debug|Any CPU
		{23622841-E956-4AF4-B59E-CB5106BFDE66}.Debug|Any CPU.Build.0 = Debug|Any CPU
		{23622841-E956-4AF4-B59E-CB5106BFDE66}.Release|Any CPU.ActiveCfg = Release|Any CPU
		{23622841-E956-4AF4-B59E-CB5106BFDE66}.Release|Any CPU.Build.0 = Release|Any CPU
	EndGlobalSection
	GlobalSection(SolutionProperties) = preSolution
		HideSolutionNode = FALSE
	EndGlobalSection
	GlobalSection(ExtensibilityGlobals) = postSolution
		SolutionGuid = {1375E2DB-B046-4F7C-96FA-50E3D6486258}
	EndGlobalSection
EndGlobal
