
Microsoft Visual Studio Solution File, Format Version 12.00
# Visual Studio Version 17
VisualStudioVersion = 17.14.36109.1 d17.14
MinimumVisualStudioVersion = 10.0.40219.1
Project("{FAE04EC0-301F-11D3-BF4B-00C04F79EFBC}") = "String", "String.csproj", "{4E969884-4C69-469A-A288-67E25158EED4}"
EndProject
Global
	GlobalSection(SolutionConfigurationPlatforms) = preSolution
		Debug|Any CPU = Debug|Any CPU
		Release|Any CPU = Release|Any CPU
	EndGlobalSection
	GlobalSection(ProjectConfigurationPlatforms) = postSolution
		{4E969884-4C69-469A-A288-67E25158EED4}.Debug|Any CPU.ActiveCfg = Debug|Any CPU
		{4E969884-4C69-469A-A288-67E25158EED4}.Debug|Any CPU.Build.0 = Debug|Any CPU
		{4E969884-4C69-469A-A288-67E25158EED4}.Release|Any CPU.ActiveCfg = Release|Any CPU
		{4E969884-4C69-469A-A288-67E25158EED4}.Release|Any CPU.Build.0 = Release|Any CPU
	EndGlobalSection
	GlobalSection(SolutionProperties) = preSolution
		HideSolutionNode = FALSE
	EndGlobalSection
	GlobalSection(ExtensibilityGlobals) = postSolution
		SolutionGuid = {E6528876-FA1C-476C-8FBA-2D15D4D3CFF4}
	EndGlobalSection
EndGlobal
