
Microsoft Visual Studio Solution File, Format Version 12.00
# Visual Studio Version 17
VisualStudioVersion = 17.14.36109.1 d17.14
MinimumVisualStudioVersion = 10.0.40219.1
Project("{FAE04EC0-301F-11D3-BF4B-00C04F79EFBC}") = "GroupBy", "GroupBy.csproj", "{9E35D3DF-9D6A-4548-A9CE-EC4E720E595F}"
EndProject
Global
	GlobalSection(SolutionConfigurationPlatforms) = preSolution
		Debug|Any CPU = Debug|Any CPU
		Release|Any CPU = Release|Any CPU
	EndGlobalSection
	GlobalSection(ProjectConfigurationPlatforms) = postSolution
		{9E35D3DF-9D6A-4548-A9CE-EC4E720E595F}.Debug|Any CPU.ActiveCfg = Debug|Any CPU
		{9E35D3DF-9D6A-4548-A9CE-EC4E720E595F}.Debug|Any CPU.Build.0 = Debug|Any CPU
		{9E35D3DF-9D6A-4548-A9CE-EC4E720E595F}.Release|Any CPU.ActiveCfg = Release|Any CPU
		{9E35D3DF-9D6A-4548-A9CE-EC4E720E595F}.Release|Any CPU.Build.0 = Release|Any CPU
	EndGlobalSection
	GlobalSection(SolutionProperties) = preSolution
		HideSolutionNode = FALSE
	EndGlobalSection
	GlobalSection(ExtensibilityGlobals) = postSolution
		SolutionGuid = {B35BDD82-201D-4C36-8C55-612DFB6D1449}
	EndGlobalSection
EndGlobal
