
Microsoft Visual Studio Solution File, Format Version 12.00
# Visual Studio Version 17
VisualStudioVersion = 17.14.36109.1 d17.14
MinimumVisualStudioVersion = 10.0.40219.1
Project("{FAE04EC0-301F-11D3-BF4B-00C04F79EFBC}") = "DerivedFromArray", "DerivedFromArray.csproj", "{0DA8A351-708A-4747-BBBA-E304F5DB8F94}"
EndProject
Global
	GlobalSection(SolutionConfigurationPlatforms) = preSolution
		Debug|Any CPU = Debug|Any CPU
		Release|Any CPU = Release|Any CPU
	EndGlobalSection
	GlobalSection(ProjectConfigurationPlatforms) = postSolution
		{0DA8A351-708A-4747-BBBA-E304F5DB8F94}.Debug|Any CPU.ActiveCfg = Debug|Any CPU
		{0DA8A351-708A-4747-BBBA-E304F5DB8F94}.Debug|Any CPU.Build.0 = Debug|Any CPU
		{0DA8A351-708A-4747-BBBA-E304F5DB8F94}.Release|Any CPU.ActiveCfg = Release|Any CPU
		{0DA8A351-708A-4747-BBBA-E304F5DB8F94}.Release|Any CPU.Build.0 = Release|Any CPU
	EndGlobalSection
	GlobalSection(SolutionProperties) = preSolution
		HideSolutionNode = FALSE
	EndGlobalSection
	GlobalSection(ExtensibilityGlobals) = postSolution
		SolutionGuid = {B1E9C4F7-2BBD-4E2A-A55C-BEA4C7503544}
	EndGlobalSection
EndGlobal
