
Microsoft Visual Studio Solution File, Format Version 12.00
# Visual Studio Version 17
VisualStudioVersion = 17.14.36109.1 d17.14
MinimumVisualStudioVersion = 10.0.40219.1
Project("{FAE04EC0-301F-11D3-BF4B-00C04F79EFBC}") = "WithPython", "WithPython.csproj", "{5A20B0E5-0475-455A-936D-BDE4CC059B7A}"
EndProject
Global
	GlobalSection(SolutionConfigurationPlatforms) = preSolution
		Debug|Any CPU = Debug|Any CPU
		Release|Any CPU = Release|Any CPU
	EndGlobalSection
	GlobalSection(ProjectConfigurationPlatforms) = postSolution
		{5A20B0E5-0475-455A-936D-BDE4CC059B7A}.Debug|Any CPU.ActiveCfg = Debug|Any CPU
		{5A20B0E5-0475-455A-936D-BDE4CC059B7A}.Debug|Any CPU.Build.0 = Debug|Any CPU
		{5A20B0E5-0475-455A-936D-BDE4CC059B7A}.Release|Any CPU.ActiveCfg = Release|Any CPU
		{5A20B0E5-0475-455A-936D-BDE4CC059B7A}.Release|Any CPU.Build.0 = Release|Any CPU
	EndGlobalSection
	GlobalSection(SolutionProperties) = preSolution
		HideSolutionNode = FALSE
	EndGlobalSection
	GlobalSection(ExtensibilityGlobals) = postSolution
		SolutionGuid = {DBD5D63B-2010-4296-97C6-9EE63FAED38B}
	EndGlobalSection
EndGlobal
